// !$*UTF8*$!
{
	archiveVersion = 1;
	classes = {
	};
	objectVersion = 55;
	objects = {

/* Begin PBXBuildFile section */
		8143249F28102180004A7D67 /* Color-Additions.swift in Sources */ = {isa = PBXBuildFile; fileRef = 8143249E28102180004A7D67 /* Color-Additions.swift */; };
		816034502800146500BFFCC8 /* UltimatePortfolioApp.swift in Sources */ = {isa = PBXBuildFile; fileRef = 8160344F2800146500BFFCC8 /* UltimatePortfolioApp.swift */; };
		816034522800146500BFFCC8 /* ContentView.swift in Sources */ = {isa = PBXBuildFile; fileRef = 816034512800146500BFFCC8 /* ContentView.swift */; };
		816034542800146600BFFCC8 /* Assets.xcassets in Resources */ = {isa = PBXBuildFile; fileRef = 816034532800146600BFFCC8 /* Assets.xcassets */; };
		816034572800146600BFFCC8 /* Preview Assets.xcassets in Resources */ = {isa = PBXBuildFile; fileRef = 816034562800146600BFFCC8 /* Preview Assets.xcassets */; };
		8160345F280031CB00BFFCC8 /* Main.xcdatamodeld in Sources */ = {isa = PBXBuildFile; fileRef = 8160345D280031CB00BFFCC8 /* Main.xcdatamodeld */; };
		816034612800348200BFFCC8 /* DataController.swift in Sources */ = {isa = PBXBuildFile; fileRef = 816034602800348200BFFCC8 /* DataController.swift */; };
		81603465280081FE00BFFCC8 /* CloudKit.framework in Frameworks */ = {isa = PBXBuildFile; fileRef = 81603464280081FE00BFFCC8 /* CloudKit.framework */; };
		816D528B2822785000FC1CC2 /* .swiftlint.yml in Resources */ = {isa = PBXBuildFile; fileRef = 816D528A2822785000FC1CC2 /* .swiftlint.yml */; };
		81737CA12804731C0008E00A /* ProjectHeaderView.swift in Sources */ = {isa = PBXBuildFile; fileRef = 81737CA02804731C0008E00A /* ProjectHeaderView.swift */; };
		81737CA3280479950008E00A /* Colors.xcassets in Resources */ = {isa = PBXBuildFile; fileRef = 81737CA2280479950008E00A /* Colors.xcassets */; };
		81877AEF2811DBAC001388C5 /* Localizable.strings in Resources */ = {isa = PBXBuildFile; fileRef = 81877AF12811DBAC001388C5 /* Localizable.strings */; };
		81877AF52811E424001388C5 /* Localizable.stringsdict in Resources */ = {isa = PBXBuildFile; fileRef = 81877AF72811E424001388C5 /* Localizable.stringsdict */; };
		8188ABAD280DFE47006D6E3D /* SelectSomethingView.swift in Sources */ = {isa = PBXBuildFile; fileRef = 8188ABAC280DFE47006D6E3D /* SelectSomethingView.swift */; };
		8188ABB1280EA64F006D6E3D /* Bundle-Decodable.swift in Sources */ = {isa = PBXBuildFile; fileRef = 8188ABB0280EA64F006D6E3D /* Bundle-Decodable.swift */; };
		8188ABB3280EAAB7006D6E3D /* Award.swift in Sources */ = {isa = PBXBuildFile; fileRef = 8188ABB2280EAAB7006D6E3D /* Award.swift */; };
		8188ABB5280EAB78006D6E3D /* AwardsView.swift in Sources */ = {isa = PBXBuildFile; fileRef = 8188ABB4280EAB78006D6E3D /* AwardsView.swift */; };
		819284DB280558CF00408D13 /* EditProjectView.swift in Sources */ = {isa = PBXBuildFile; fileRef = 819284DA280558CF00408D13 /* EditProjectView.swift */; };
		8192C669280C888100127FE3 /* Sequence-Sorting.swift in Sources */ = {isa = PBXBuildFile; fileRef = 8192C668280C888100127FE3 /* Sequence-Sorting.swift */; };
		8193831D2801D9150053E83C /* HomeView.swift in Sources */ = {isa = PBXBuildFile; fileRef = 8193831C2801D9150053E83C /* HomeView.swift */; };
		8193831F2801DA900053E83C /* ProjectsView.swift in Sources */ = {isa = PBXBuildFile; fileRef = 8193831E2801DA900053E83C /* ProjectsView.swift */; };
		81AAB7D2281BEE600069BE0B /* ItemListView.swift in Sources */ = {isa = PBXBuildFile; fileRef = 81AAB7D1281BEE600069BE0B /* ItemListView.swift */; };
		81AAB7D4281BEFF40069BE0B /* ProjectSummaryView.swift in Sources */ = {isa = PBXBuildFile; fileRef = 81AAB7D3281BEFF40069BE0B /* ProjectSummaryView.swift */; };
		81BF9EC32813FF2C00EB88FE /* Awards.json in Resources */ = {isa = PBXBuildFile; fileRef = 81BF9EC52813FF2C00EB88FE /* Awards.json */; };
		81C647B32802F9F10082FD16 /* EditItemView.swift in Sources */ = {isa = PBXBuildFile; fileRef = 81C647B22802F9F10082FD16 /* EditItemView.swift */; };
		81C647B52802FD2F0082FD16 /* ItemRowView.swift in Sources */ = {isa = PBXBuildFile; fileRef = 81C647B42802FD2F0082FD16 /* ItemRowView.swift */; };
		81C647B728032E600082FD16 /* Binding-OnChange.swift in Sources */ = {isa = PBXBuildFile; fileRef = 81C647B628032E600082FD16 /* Binding-OnChange.swift */; };
		81C868E8280231FF00B0A064 /* Item+CoreDataHelpers.swift in Sources */ = {isa = PBXBuildFile; fileRef = 81C868E7280231FF00B0A064 /* Item+CoreDataHelpers.swift */; };
		81C868EA2802327300B0A064 /* Project+CoreDataHelpers.swift in Sources */ = {isa = PBXBuildFile; fileRef = 81C868E92802327300B0A064 /* Project+CoreDataHelpers.swift */; };
/* End PBXBuildFile section */

/* Begin PBXFileReference section */
		8143249E28102180004A7D67 /* Color-Additions.swift */ = {isa = PBXFileReference; lastKnownFileType = sourcecode.swift; path = "Color-Additions.swift"; sourceTree = "<group>"; };
		8160344C2800146500BFFCC8 /* UltimatePortfolio.app */ = {isa = PBXFileReference; explicitFileType = wrapper.application; includeInIndex = 0; path = UltimatePortfolio.app; sourceTree = BUILT_PRODUCTS_DIR; };
		8160344F2800146500BFFCC8 /* UltimatePortfolioApp.swift */ = {isa = PBXFileReference; lastKnownFileType = sourcecode.swift; path = UltimatePortfolioApp.swift; sourceTree = "<group>"; };
		816034512800146500BFFCC8 /* ContentView.swift */ = {isa = PBXFileReference; lastKnownFileType = sourcecode.swift; path = ContentView.swift; sourceTree = "<group>"; };
		816034532800146600BFFCC8 /* Assets.xcassets */ = {isa = PBXFileReference; lastKnownFileType = folder.assetcatalog; path = Assets.xcassets; sourceTree = "<group>"; };
		816034562800146600BFFCC8 /* Preview Assets.xcassets */ = {isa = PBXFileReference; lastKnownFileType = folder.assetcatalog; path = "Preview Assets.xcassets"; sourceTree = "<group>"; };
		8160345E280031CB00BFFCC8 /* Main.xcdatamodel */ = {isa = PBXFileReference; lastKnownFileType = wrapper.xcdatamodel; path = Main.xcdatamodel; sourceTree = "<group>"; };
		816034602800348200BFFCC8 /* DataController.swift */ = {isa = PBXFileReference; lastKnownFileType = sourcecode.swift; path = DataController.swift; sourceTree = "<group>"; };
		81603462280081E200BFFCC8 /* UltimatePortfolio.entitlements */ = {isa = PBXFileReference; lastKnownFileType = text.plist.entitlements; path = UltimatePortfolio.entitlements; sourceTree = "<group>"; };
		81603464280081FE00BFFCC8 /* CloudKit.framework */ = {isa = PBXFileReference; lastKnownFileType = wrapper.framework; name = CloudKit.framework; path = System/Library/Frameworks/CloudKit.framework; sourceTree = SDKROOT; };
		816034662800820F00BFFCC8 /* Info.plist */ = {isa = PBXFileReference; lastKnownFileType = text.plist; path = Info.plist; sourceTree = "<group>"; };
		816D528A2822785000FC1CC2 /* .swiftlint.yml */ = {isa = PBXFileReference; lastKnownFileType = text.yaml; path = .swiftlint.yml; sourceTree = "<group>"; };
		81737CA02804731C0008E00A /* ProjectHeaderView.swift */ = {isa = PBXFileReference; lastKnownFileType = sourcecode.swift; path = ProjectHeaderView.swift; sourceTree = "<group>"; };
		81737CA2280479950008E00A /* Colors.xcassets */ = {isa = PBXFileReference; lastKnownFileType = folder.assetcatalog; path = Colors.xcassets; sourceTree = "<group>"; };
		81877AF02811DBAC001388C5 /* en */ = {isa = PBXFileReference; lastKnownFileType = text.plist.strings; name = en; path = en.lproj/Localizable.strings; sourceTree = "<group>"; };
		81877AF42811E416001388C5 /* el */ = {isa = PBXFileReference; lastKnownFileType = text.plist.strings; name = el; path = el.lproj/Localizable.strings; sourceTree = "<group>"; };
		81877AF62811E424001388C5 /* en */ = {isa = PBXFileReference; lastKnownFileType = text.plist.stringsdict; name = en; path = en.lproj/Localizable.stringsdict; sourceTree = "<group>"; };
		81877AF82811E427001388C5 /* el */ = {isa = PBXFileReference; lastKnownFileType = text.plist.stringsdict; name = el; path = el.lproj/Localizable.stringsdict; sourceTree = "<group>"; };
		8188ABAC280DFE47006D6E3D /* SelectSomethingView.swift */ = {isa = PBXFileReference; lastKnownFileType = sourcecode.swift; path = SelectSomethingView.swift; sourceTree = "<group>"; };
		8188ABB0280EA64F006D6E3D /* Bundle-Decodable.swift */ = {isa = PBXFileReference; lastKnownFileType = sourcecode.swift; path = "Bundle-Decodable.swift"; sourceTree = "<group>"; };
		8188ABB2280EAAB7006D6E3D /* Award.swift */ = {isa = PBXFileReference; lastKnownFileType = sourcecode.swift; path = Award.swift; sourceTree = "<group>"; };
		8188ABB4280EAB78006D6E3D /* AwardsView.swift */ = {isa = PBXFileReference; lastKnownFileType = sourcecode.swift; path = AwardsView.swift; sourceTree = "<group>"; };
		819284DA280558CF00408D13 /* EditProjectView.swift */ = {isa = PBXFileReference; lastKnownFileType = sourcecode.swift; path = EditProjectView.swift; sourceTree = "<group>"; };
		8192C668280C888100127FE3 /* Sequence-Sorting.swift */ = {isa = PBXFileReference; lastKnownFileType = sourcecode.swift; path = "Sequence-Sorting.swift"; sourceTree = "<group>"; };
		8193831C2801D9150053E83C /* HomeView.swift */ = {isa = PBXFileReference; lastKnownFileType = sourcecode.swift; path = HomeView.swift; sourceTree = "<group>"; };
		8193831E2801DA900053E83C /* ProjectsView.swift */ = {isa = PBXFileReference; lastKnownFileType = sourcecode.swift; path = ProjectsView.swift; sourceTree = "<group>"; };
		81AAB7D1281BEE600069BE0B /* ItemListView.swift */ = {isa = PBXFileReference; lastKnownFileType = sourcecode.swift; path = ItemListView.swift; sourceTree = "<group>"; };
		81AAB7D3281BEFF40069BE0B /* ProjectSummaryView.swift */ = {isa = PBXFileReference; lastKnownFileType = sourcecode.swift; path = ProjectSummaryView.swift; sourceTree = "<group>"; };
		81BF9EC42813FF2C00EB88FE /* en */ = {isa = PBXFileReference; lastKnownFileType = text.json; name = en; path = en.lproj/Awards.json; sourceTree = "<group>"; };
		81BF9EC62813FF2E00EB88FE /* el */ = {isa = PBXFileReference; lastKnownFileType = text.json; name = el; path = el.lproj/Awards.json; sourceTree = "<group>"; };
		81C647B22802F9F10082FD16 /* EditItemView.swift */ = {isa = PBXFileReference; lastKnownFileType = sourcecode.swift; path = EditItemView.swift; sourceTree = "<group>"; };
		81C647B42802FD2F0082FD16 /* ItemRowView.swift */ = {isa = PBXFileReference; lastKnownFileType = sourcecode.swift; path = ItemRowView.swift; sourceTree = "<group>"; };
		81C647B628032E600082FD16 /* Binding-OnChange.swift */ = {isa = PBXFileReference; lastKnownFileType = sourcecode.swift; path = "Binding-OnChange.swift"; sourceTree = "<group>"; };
		81C868E7280231FF00B0A064 /* Item+CoreDataHelpers.swift */ = {isa = PBXFileReference; lastKnownFileType = sourcecode.swift; path = "Item+CoreDataHelpers.swift"; sourceTree = "<group>"; };
		81C868E92802327300B0A064 /* Project+CoreDataHelpers.swift */ = {isa = PBXFileReference; lastKnownFileType = sourcecode.swift; path = "Project+CoreDataHelpers.swift"; sourceTree = "<group>"; };
/* End PBXFileReference section */

/* Begin PBXFrameworksBuildPhase section */
		816034492800146500BFFCC8 /* Frameworks */ = {
			isa = PBXFrameworksBuildPhase;
			buildActionMask = 2147483647;
			files = (
				81603465280081FE00BFFCC8 /* CloudKit.framework in Frameworks */,
			);
			runOnlyForDeploymentPostprocessing = 0;
		};
/* End PBXFrameworksBuildPhase section */

/* Begin PBXGroup section */
		816034432800146500BFFCC8 = {
			isa = PBXGroup;
			children = (
				8160344E2800146500BFFCC8 /* UltimatePortfolio */,
				8160344D2800146500BFFCC8 /* Products */,
				81603463280081FE00BFFCC8 /* Frameworks */,
			);
			sourceTree = "<group>";
		};
		8160344D2800146500BFFCC8 /* Products */ = {
			isa = PBXGroup;
			children = (
				8160344C2800146500BFFCC8 /* UltimatePortfolio.app */,
			);
			name = Products;
			sourceTree = "<group>";
		};
		8160344E2800146500BFFCC8 /* UltimatePortfolio */ = {
			isa = PBXGroup;
			children = (
				816034662800820F00BFFCC8 /* Info.plist */,
				81603462280081E200BFFCC8 /* UltimatePortfolio.entitlements */,
				8160344F2800146500BFFCC8 /* UltimatePortfolioApp.swift */,
				81C647B22802F9F10082FD16 /* EditItemView.swift */,
				81C647B628032E600082FD16 /* Binding-OnChange.swift */,
				816034512800146500BFFCC8 /* ContentView.swift */,
				8188ABB0280EA64F006D6E3D /* Bundle-Decodable.swift */,
				8188ABB2280EAAB7006D6E3D /* Award.swift */,
				816034602800348200BFFCC8 /* DataController.swift */,
				8160345D280031CB00BFFCC8 /* Main.xcdatamodeld */,
				81877AF12811DBAC001388C5 /* Localizable.strings */,
				81877AF72811E424001388C5 /* Localizable.stringsdict */,
				81BF9EC52813FF2C00EB88FE /* Awards.json */,
				816034532800146600BFFCC8 /* Assets.xcassets */,
				81737CA2280479950008E00A /* Colors.xcassets */,
				816034552800146600BFFCC8 /* Preview Content */,
				8193831C2801D9150053E83C /* HomeView.swift */,
				81AAB7D3281BEFF40069BE0B /* ProjectSummaryView.swift */,
				81AAB7D1281BEE600069BE0B /* ItemListView.swift */,
				8188ABB4280EAB78006D6E3D /* AwardsView.swift */,
				8193831E2801DA900053E83C /* ProjectsView.swift */,
				8143249E28102180004A7D67 /* Color-Additions.swift */,
				8188ABAC280DFE47006D6E3D /* SelectSomethingView.swift */,
				8192C668280C888100127FE3 /* Sequence-Sorting.swift */,
				81C647B42802FD2F0082FD16 /* ItemRowView.swift */,
				81737CA02804731C0008E00A /* ProjectHeaderView.swift */,
				81C868E92802327300B0A064 /* Project+CoreDataHelpers.swift */,
				81C868E7280231FF00B0A064 /* Item+CoreDataHelpers.swift */,
				819284DA280558CF00408D13 /* EditProjectView.swift */,
				816D528A2822785000FC1CC2 /* .swiftlint.yml */,
			);
			path = UltimatePortfolio;
			sourceTree = "<group>";
		};
		816034552800146600BFFCC8 /* Preview Content */ = {
			isa = PBXGroup;
			children = (
				816034562800146600BFFCC8 /* Preview Assets.xcassets */,
			);
			path = "Preview Content";
			sourceTree = "<group>";
		};
		81603463280081FE00BFFCC8 /* Frameworks */ = {
			isa = PBXGroup;
			children = (
				81603464280081FE00BFFCC8 /* CloudKit.framework */,
			);
			name = Frameworks;
			sourceTree = "<group>";
		};
/* End PBXGroup section */

/* Begin PBXNativeTarget section */
		8160344B2800146500BFFCC8 /* UltimatePortfolio */ = {
			isa = PBXNativeTarget;
			buildConfigurationList = 8160345A2800146600BFFCC8 /* Build configuration list for PBXNativeTarget "UltimatePortfolio" */;
			buildPhases = (
				816D5289282270E500FC1CC2 /* SwiftLint */,
				816034482800146500BFFCC8 /* Sources */,
				816034492800146500BFFCC8 /* Frameworks */,
				8160344A2800146500BFFCC8 /* Resources */,
			);
			buildRules = (
			);
			dependencies = (
			);
			name = UltimatePortfolio;
			productName = UltimatePortfolio;
			productReference = 8160344C2800146500BFFCC8 /* UltimatePortfolio.app */;
			productType = "com.apple.product-type.application";
		};
/* End PBXNativeTarget section */

/* Begin PBXProject section */
		816034442800146500BFFCC8 /* Project object */ = {
			isa = PBXProject;
			attributes = {
				BuildIndependentTargetsInParallel = 1;
				LastSwiftUpdateCheck = 1330;
				LastUpgradeCheck = 1330;
				TargetAttributes = {
					8160344B2800146500BFFCC8 = {
						CreatedOnToolsVersion = 13.3;
					};
				};
			};
			buildConfigurationList = 816034472800146500BFFCC8 /* Build configuration list for PBXProject "UltimatePortfolio" */;
			compatibilityVersion = "Xcode 13.0";
			developmentRegion = en;
			hasScannedForEncodings = 0;
			knownRegions = (
				en,
				Base,
				el,
			);
			mainGroup = 816034432800146500BFFCC8;
			productRefGroup = 8160344D2800146500BFFCC8 /* Products */;
			projectDirPath = "";
			projectRoot = "";
			targets = (
				8160344B2800146500BFFCC8 /* UltimatePortfolio */,
			);
		};
/* End PBXProject section */

/* Begin PBXResourcesBuildPhase section */
		8160344A2800146500BFFCC8 /* Resources */ = {
			isa = PBXResourcesBuildPhase;
			buildActionMask = 2147483647;
			files = (
				81877AEF2811DBAC001388C5 /* Localizable.strings in Resources */,
				81737CA3280479950008E00A /* Colors.xcassets in Resources */,
				81BF9EC32813FF2C00EB88FE /* Awards.json in Resources */,
				816D528B2822785000FC1CC2 /* .swiftlint.yml in Resources */,
				816034572800146600BFFCC8 /* Preview Assets.xcassets in Resources */,
				816034542800146600BFFCC8 /* Assets.xcassets in Resources */,
				81877AF52811E424001388C5 /* Localizable.stringsdict in Resources */,
			);
			runOnlyForDeploymentPostprocessing = 0;
		};
/* End PBXResourcesBuildPhase section */

/* Begin PBXShellScriptBuildPhase section */
		816D5289282270E500FC1CC2 /* SwiftLint */ = {
			isa = PBXShellScriptBuildPhase;
			buildActionMask = 2147483647;
			files = (
			);
			inputFileListPaths = (
			);
			inputPaths = (
			);
			name = SwiftLint;
			outputFileListPaths = (
			);
			outputPaths = (
			);
			runOnlyForDeploymentPostprocessing = 0;
			shellPath = /bin/sh;
			shellScript = "if which swiftlint > /dev/null; then\n  swiftlint\nelse\n  echo \"warning: SwiftLint not installed, download from https://github.com/realm/SwiftLint\"\nfi\n";
		};
/* End PBXShellScriptBuildPhase section */

/* Begin PBXSourcesBuildPhase section */
		816034482800146500BFFCC8 /* Sources */ = {
			isa = PBXSourcesBuildPhase;
			buildActionMask = 2147483647;
			files = (
				81C868EA2802327300B0A064 /* Project+CoreDataHelpers.swift in Sources */,
				81AAB7D4281BEFF40069BE0B /* ProjectSummaryView.swift in Sources */,
				81737CA12804731C0008E00A /* ProjectHeaderView.swift in Sources */,
				8188ABB5280EAB78006D6E3D /* AwardsView.swift in Sources */,
				8193831F2801DA900053E83C /* ProjectsView.swift in Sources */,
				8160345F280031CB00BFFCC8 /* Main.xcdatamodeld in Sources */,
				8143249F28102180004A7D67 /* Color-Additions.swift in Sources */,
				819284DB280558CF00408D13 /* EditProjectView.swift in Sources */,
				816034612800348200BFFCC8 /* DataController.swift in Sources */,
				8188ABAD280DFE47006D6E3D /* SelectSomethingView.swift in Sources */,
				81AAB7D2281BEE600069BE0B /* ItemListView.swift in Sources */,
				81C647B52802FD2F0082FD16 /* ItemRowView.swift in Sources */,
				816034522800146500BFFCC8 /* ContentView.swift in Sources */,
				81C647B728032E600082FD16 /* Binding-OnChange.swift in Sources */,
				8192C669280C888100127FE3 /* Sequence-Sorting.swift in Sources */,
				8188ABB3280EAAB7006D6E3D /* Award.swift in Sources */,
				8188ABB1280EA64F006D6E3D /* Bundle-Decodable.swift in Sources */,
				8193831D2801D9150053E83C /* HomeView.swift in Sources */,
				816034502800146500BFFCC8 /* UltimatePortfolioApp.swift in Sources */,
				81C868E8280231FF00B0A064 /* Item+CoreDataHelpers.swift in Sources */,
				81C647B32802F9F10082FD16 /* EditItemView.swift in Sources */,
			);
			runOnlyForDeploymentPostprocessing = 0;
		};
/* End PBXSourcesBuildPhase section */

/* Begin PBXVariantGroup section */
		81877AF12811DBAC001388C5 /* Localizable.strings */ = {
			isa = PBXVariantGroup;
			children = (
				81877AF02811DBAC001388C5 /* en */,
				81877AF42811E416001388C5 /* el */,
			);
			name = Localizable.strings;
			sourceTree = "<group>";
		};
		81877AF72811E424001388C5 /* Localizable.stringsdict */ = {
			isa = PBXVariantGroup;
			children = (
				81877AF62811E424001388C5 /* en */,
				81877AF82811E427001388C5 /* el */,
			);
			name = Localizable.stringsdict;
			sourceTree = "<group>";
		};
		81BF9EC52813FF2C00EB88FE /* Awards.json */ = {
			isa = PBXVariantGroup;
			children = (
				81BF9EC42813FF2C00EB88FE /* en */,
				81BF9EC62813FF2E00EB88FE /* el */,
			);
			name = Awards.json;
			sourceTree = "<group>";
		};
/* End PBXVariantGroup section */

/* Begin XCBuildConfiguration section */
		816034582800146600BFFCC8 /* Debug */ = {
			isa = XCBuildConfiguration;
			buildSettings = {
				ALWAYS_SEARCH_USER_PATHS = NO;
				CLANG_ANALYZER_LOCALIZABILITY_NONLOCALIZED = YES;
				CLANG_ANALYZER_NONNULL = YES;
				CLANG_ANALYZER_NUMBER_OBJECT_CONVERSION = YES_AGGRESSIVE;
				CLANG_CXX_LANGUAGE_STANDARD = "gnu++17";
				CLANG_ENABLE_MODULES = YES;
				CLANG_ENABLE_OBJC_ARC = YES;
				CLANG_ENABLE_OBJC_WEAK = YES;
				CLANG_WARN_BLOCK_CAPTURE_AUTORELEASING = YES;
				CLANG_WARN_BOOL_CONVERSION = YES;
				CLANG_WARN_COMMA = YES;
				CLANG_WARN_CONSTANT_CONVERSION = YES;
				CLANG_WARN_DEPRECATED_OBJC_IMPLEMENTATIONS = YES;
				CLANG_WARN_DIRECT_OBJC_ISA_USAGE = YES_ERROR;
				CLANG_WARN_DOCUMENTATION_COMMENTS = YES;
				CLANG_WARN_EMPTY_BODY = YES;
				CLANG_WARN_ENUM_CONVERSION = YES;
				CLANG_WARN_INFINITE_RECURSION = YES;
				CLANG_WARN_INT_CONVERSION = YES;
				CLANG_WARN_NON_LITERAL_NULL_CONVERSION = YES;
				CLANG_WARN_OBJC_IMPLICIT_RETAIN_SELF = YES;
				CLANG_WARN_OBJC_LITERAL_CONVERSION = YES;
				CLANG_WARN_OBJC_ROOT_CLASS = YES_ERROR;
				CLANG_WARN_QUOTED_INCLUDE_IN_FRAMEWORK_HEADER = YES;
				CLANG_WARN_RANGE_LOOP_ANALYSIS = YES;
				CLANG_WARN_STRICT_PROTOTYPES = YES;
				CLANG_WARN_SUSPICIOUS_MOVE = YES;
				CLANG_WARN_UNGUARDED_AVAILABILITY = YES_AGGRESSIVE;
				CLANG_WARN_UNREACHABLE_CODE = YES;
				CLANG_WARN__DUPLICATE_METHOD_MATCH = YES;
				COPY_PHASE_STRIP = NO;
				DEBUG_INFORMATION_FORMAT = dwarf;
				ENABLE_STRICT_OBJC_MSGSEND = YES;
				ENABLE_TESTABILITY = YES;
				GCC_C_LANGUAGE_STANDARD = gnu11;
				GCC_DYNAMIC_NO_PIC = NO;
				GCC_NO_COMMON_BLOCKS = YES;
				GCC_OPTIMIZATION_LEVEL = 0;
				GCC_PREPROCESSOR_DEFINITIONS = (
					"DEBUG=1",
					"$(inherited)",
				);
				GCC_WARN_64_TO_32_BIT_CONVERSION = YES;
				GCC_WARN_ABOUT_RETURN_TYPE = YES_ERROR;
				GCC_WARN_UNDECLARED_SELECTOR = YES;
				GCC_WARN_UNINITIALIZED_AUTOS = YES_AGGRESSIVE;
				GCC_WARN_UNUSED_FUNCTION = YES;
				GCC_WARN_UNUSED_VARIABLE = YES;
				IPHONEOS_DEPLOYMENT_TARGET = 15.4;
				MTL_ENABLE_DEBUG_INFO = INCLUDE_SOURCE;
				MTL_FAST_MATH = YES;
				ONLY_ACTIVE_ARCH = YES;
				SDKROOT = iphoneos;
				SWIFT_ACTIVE_COMPILATION_CONDITIONS = DEBUG;
				SWIFT_OPTIMIZATION_LEVEL = "-Onone";
			};
			name = Debug;
		};
		816034592800146600BFFCC8 /* Release */ = {
			isa = XCBuildConfiguration;
			buildSettings = {
				ALWAYS_SEARCH_USER_PATHS = NO;
				CLANG_ANALYZER_LOCALIZABILITY_NONLOCALIZED = YES;
				CLANG_ANALYZER_NONNULL = YES;
				CLANG_ANALYZER_NUMBER_OBJECT_CONVERSION = YES_AGGRESSIVE;
				CLANG_CXX_LANGUAGE_STANDARD = "gnu++17";
				CLANG_ENABLE_MODULES = YES;
				CLANG_ENABLE_OBJC_ARC = YES;
				CLANG_ENABLE_OBJC_WEAK = YES;
				CLANG_WARN_BLOCK_CAPTURE_AUTORELEASING = YES;
				CLANG_WARN_BOOL_CONVERSION = YES;
				CLANG_WARN_COMMA = YES;
				CLANG_WARN_CONSTANT_CONVERSION = YES;
				CLANG_WARN_DEPRECATED_OBJC_IMPLEMENTATIONS = YES;
				CLANG_WARN_DIRECT_OBJC_ISA_USAGE = YES_ERROR;
				CLANG_WARN_DOCUMENTATION_COMMENTS = YES;
				CLANG_WARN_EMPTY_BODY = YES;
				CLANG_WARN_ENUM_CONVERSION = YES;
				CLANG_WARN_INFINITE_RECURSION = YES;
				CLANG_WARN_INT_CONVERSION = YES;
				CLANG_WARN_NON_LITERAL_NULL_CONVERSION = YES;
				CLANG_WARN_OBJC_IMPLICIT_RETAIN_SELF = YES;
				CLANG_WARN_OBJC_LITERAL_CONVERSION = YES;
				CLANG_WARN_OBJC_ROOT_CLASS = YES_ERROR;
				CLANG_WARN_QUOTED_INCLUDE_IN_FRAMEWORK_HEADER = YES;
				CLANG_WARN_RANGE_LOOP_ANALYSIS = YES;
				CLANG_WARN_STRICT_PROTOTYPES = YES;
				CLANG_WARN_SUSPICIOUS_MOVE = YES;
				CLANG_WARN_UNGUARDED_AVAILABILITY = YES_AGGRESSIVE;
				CLANG_WARN_UNREACHABLE_CODE = YES;
				CLANG_WARN__DUPLICATE_METHOD_MATCH = YES;
				COPY_PHASE_STRIP = NO;
				DEBUG_INFORMATION_FORMAT = "dwarf-with-dsym";
				ENABLE_NS_ASSERTIONS = NO;
				ENABLE_STRICT_OBJC_MSGSEND = YES;
				GCC_C_LANGUAGE_STANDARD = gnu11;
				GCC_NO_COMMON_BLOCKS = YES;
				GCC_WARN_64_TO_32_BIT_CONVERSION = YES;
				GCC_WARN_ABOUT_RETURN_TYPE = YES_ERROR;
				GCC_WARN_UNDECLARED_SELECTOR = YES;
				GCC_WARN_UNINITIALIZED_AUTOS = YES_AGGRESSIVE;
				GCC_WARN_UNUSED_FUNCTION = YES;
				GCC_WARN_UNUSED_VARIABLE = YES;
				IPHONEOS_DEPLOYMENT_TARGET = 15.4;
				MTL_ENABLE_DEBUG_INFO = NO;
				MTL_FAST_MATH = YES;
				SDKROOT = iphoneos;
				SWIFT_COMPILATION_MODE = wholemodule;
				SWIFT_OPTIMIZATION_LEVEL = "-O";
				VALIDATE_PRODUCT = YES;
			};
			name = Release;
		};
		8160345B2800146600BFFCC8 /* Debug */ = {
			isa = XCBuildConfiguration;
			buildSettings = {
				ASSETCATALOG_COMPILER_APPICON_NAME = AppIcon;
				ASSETCATALOG_COMPILER_GLOBAL_ACCENT_COLOR_NAME = AccentColor;
				CODE_SIGN_ENTITLEMENTS = UltimatePortfolio/UltimatePortfolio.entitlements;
				CODE_SIGN_STYLE = Automatic;
				CURRENT_PROJECT_VERSION = 1;
				DEVELOPMENT_ASSET_PATHS = "\"UltimatePortfolio/Preview Content\"";
				DEVELOPMENT_TEAM = XM9V6QDM3G;
				ENABLE_PREVIEWS = YES;
				GENERATE_INFOPLIST_FILE = YES;
				INFOPLIST_FILE = UltimatePortfolio/Info.plist;
				INFOPLIST_KEY_UIApplicationSceneManifest_Generation = YES;
				INFOPLIST_KEY_UIApplicationSupportsIndirectInputEvents = YES;
				INFOPLIST_KEY_UILaunchScreen_Generation = YES;
				INFOPLIST_KEY_UISupportedInterfaceOrientations_iPad = "UIInterfaceOrientationPortrait UIInterfaceOrientationPortraitUpsideDown UIInterfaceOrientationLandscapeLeft UIInterfaceOrientationLandscapeRight";
				INFOPLIST_KEY_UISupportedInterfaceOrientations_iPhone = "UIInterfaceOrientationPortrait UIInterfaceOrientationLandscapeLeft UIInterfaceOrientationLandscapeRight";
				IPHONEOS_DEPLOYMENT_TARGET = 15.4;
				LD_RUNPATH_SEARCH_PATHS = (
					"$(inherited)",
					"@executable_path/Frameworks",
				);
				MARKETING_VERSION = 1.0;
				PRODUCT_BUNDLE_IDENTIFIER = com.eliamyro.UltimatePortfolio;
				PRODUCT_NAME = "$(TARGET_NAME)";
				SWIFT_EMIT_LOC_STRINGS = YES;
				SWIFT_VERSION = 5.0;
				TARGETED_DEVICE_FAMILY = "1,2";
			};
			name = Debug;
		};
		8160345C2800146600BFFCC8 /* Release */ = {
			isa = XCBuildConfiguration;
			buildSettings = {
				ASSETCATALOG_COMPILER_APPICON_NAME = AppIcon;
				ASSETCATALOG_COMPILER_GLOBAL_ACCENT_COLOR_NAME = AccentColor;
				CODE_SIGN_ENTITLEMENTS = UltimatePortfolio/UltimatePortfolio.entitlements;
				CODE_SIGN_STYLE = Automatic;
				CURRENT_PROJECT_VERSION = 1;
				DEVELOPMENT_ASSET_PATHS = "\"UltimatePortfolio/Preview Content\"";
				DEVELOPMENT_TEAM = XM9V6QDM3G;
				ENABLE_PREVIEWS = YES;
				GENERATE_INFOPLIST_FILE = YES;
				INFOPLIST_FILE = UltimatePortfolio/Info.plist;
				INFOPLIST_KEY_UIApplicationSceneManifest_Generation = YES;
				INFOPLIST_KEY_UIApplicationSupportsIndirectInputEvents = YES;
				INFOPLIST_KEY_UILaunchScreen_Generation = YES;
				INFOPLIST_KEY_UISupportedInterfaceOrientations_iPad = "UIInterfaceOrientationPortrait UIInterfaceOrientationPortraitUpsideDown UIInterfaceOrientationLandscapeLeft UIInterfaceOrientationLandscapeRight";
				INFOPLIST_KEY_UISupportedInterfaceOrientations_iPhone = "UIInterfaceOrientationPortrait UIInterfaceOrientationLandscapeLeft UIInterfaceOrientationLandscapeRight";
				IPHONEOS_DEPLOYMENT_TARGET = 15.4;
				LD_RUNPATH_SEARCH_PATHS = (
					"$(inherited)",
					"@executable_path/Frameworks",
				);
				MARKETING_VERSION = 1.0;
				PRODUCT_BUNDLE_IDENTIFIER = com.eliamyro.UltimatePortfolio;
				PRODUCT_NAME = "$(TARGET_NAME)";
				SWIFT_EMIT_LOC_STRINGS = YES;
				SWIFT_VERSION = 5.0;
				TARGETED_DEVICE_FAMILY = "1,2";
			};
			name = Release;
		};
/* End XCBuildConfiguration section */

/* Begin XCConfigurationList section */
		816034472800146500BFFCC8 /* Build configuration list for PBXProject "UltimatePortfolio" */ = {
			isa = XCConfigurationList;
			buildConfigurations = (
				816034582800146600BFFCC8 /* Debug */,
				816034592800146600BFFCC8 /* Release */,
			);
			defaultConfigurationIsVisible = 0;
			defaultConfigurationName = Release;
		};
		8160345A2800146600BFFCC8 /* Build configuration list for PBXNativeTarget "UltimatePortfolio" */ = {
			isa = XCConfigurationList;
			buildConfigurations = (
				8160345B2800146600BFFCC8 /* Debug */,
				8160345C2800146600BFFCC8 /* Release */,
			);
			defaultConfigurationIsVisible = 0;
			defaultConfigurationName = Release;
		};
/* End XCConfigurationList section */

/* Begin XCVersionGroup section */
		8160345D280031CB00BFFCC8 /* Main.xcdatamodeld */ = {
			isa = XCVersionGroup;
			children = (
				8160345E280031CB00BFFCC8 /* Main.xcdatamodel */,
			);
			currentVersion = 8160345E280031CB00BFFCC8 /* Main.xcdatamodel */;
			path = Main.xcdatamodeld;
			sourceTree = "<group>";
			versionGroupType = wrapper.xcdatamodel;
		};
/* End XCVersionGroup section */
	};
	rootObject = 816034442800146500BFFCC8 /* Project object */;
}
